
Microsoft Visual Studio Solution File, Format Version 12.00
# Visual Studio 15
VisualStudioVersion = 15.0.27130.2036
MinimumVisualStudioVersion = 10.0.40219.1
Project("{9092AA53-FB77-4645-B42D-1CCCA6BD08BD}") = "ZetaWeb.Vue", "ZetaWeb.Vue\ZetaWeb.Vue.njsproj", "{720B02C2-98AC-42AF-81C3-47B58992FF18}"
EndProject
Global
	GlobalSection(SolutionConfigurationPlatforms) = preSolution
		Debug|Any CPU = Debug|Any CPU
		Release|Any CPU = Release|Any CPU
	EndGlobalSection
	GlobalSection(ProjectConfigurationPlatforms) = postSolution
		{720B02C2-98AC-42AF-81C3-47B58992FF18}.Debug|Any CPU.ActiveCfg = Debug|Any CPU
		{720B02C2-98AC-42AF-81C3-47B58992FF18}.Debug|Any CPU.Build.0 = Debug|Any CPU
		{720B02C2-98AC-42AF-81C3-47B58992FF18}.Release|Any CPU.ActiveCfg = Release|Any CPU
		{720B02C2-98AC-42AF-81C3-47B58992FF18}.Release|Any CPU.Build.0 = Release|Any CPU
	EndGlobalSection
	GlobalSection(SolutionProperties) = preSolution
		HideSolutionNode = FALSE
	EndGlobalSection
	GlobalSection(ExtensibilityGlobals) = postSolution
		SolutionGuid = {09E69593-50C6-43DE-8FB0-C66DB7CDE24F}
	EndGlobalSection
EndGlobal
